
Microsoft Visual Studio Solution File, Format Version 12.00
# Visual Studio Version 17
VisualStudioVersion = 17.5.33516.290
MinimumVisualStudioVersion = 10.0.40219.1
Project("{FAE04EC0-301F-11D3-BF4B-00C04F79EFBC}") = "PanelIdentity", "PanelIdentity\PanelIdentity.csproj", "{517FDC2C-BE50-41E8-979B-636FEC3CBBF2}"
EndProject
Project("{2150E333-8FDC-42A3-9474-1A3956D46DE8}") = "1.Service", "1.Service", "{F4DE4DC2-F204-49BF-803B-A2B86889A30A}"
EndProject
Project("{2150E333-8FDC-42A3-9474-1A3956D46DE8}") = "2.Business", "2.Business", "{D0253505-4475-4F8E-B422-E613878EA44D}"
EndProject
Project("{2150E333-8FDC-42A3-9474-1A3956D46DE8}") = "3.DataLayer", "3.DataLayer", "{99D42E5E-79E9-417A-9586-0E39D379ED26}"
EndProject
Project("{2150E333-8FDC-42A3-9474-1A3956D46DE8}") = "4.Framework", "4.Framework", "{C4FEBA51-7D37-4A1F-B63F-722D31A299AF}"
EndProject
Project("{9A19103F-16F7-4668-BE54-9A1E7A4F7556}") = "Core", "..\..\Framework\Core\Core.csproj", "{1F4BE977-A8C2-4A00-8721-AA5C2FD9E396}"
EndProject
Project("{FAE04EC0-301F-11D3-BF4B-00C04F79EFBC}") = "DataAccess", "DataAccess\DataAccess.csproj", "{6C365E4F-0675-4D8C-B882-B38FF022A5A5}"
EndProject
Project("{FAE04EC0-301F-11D3-BF4B-00C04F79EFBC}") = "BusinessLogic", "BusinessLogic\BusinessLogic.csproj", "{BCE44A24-1164-4E70-BF9D-86D3F7700D55}"
EndProject
Project("{FAE04EC0-301F-11D3-BF4B-00C04F79EFBC}") = "BusinessModel", "BusinessModel\BusinessModel.csproj", "{67A10418-97F2-4FB0-BC53-0959FE8BC644}"
EndProject
Project("{FAE04EC0-301F-11D3-BF4B-00C04F79EFBC}") = "DataTransferModel", "DataTransferModel\DataTransferModel.csproj", "{B4DB3909-E914-4F90-87D5-9A4664537841}"
EndProject
Project("{FAE04EC0-301F-11D3-BF4B-00C04F79EFBC}") = "ExternalService", "ExternalService\ExternalService.csproj", "{29022157-353F-4BE9-8049-48D5E5A1F402}"
EndProject
Global
	GlobalSection(SolutionConfigurationPlatforms) = preSolution
		Debug|Any CPU = Debug|Any CPU
		Release|Any CPU = Release|Any CPU
	EndGlobalSection
	GlobalSection(ProjectConfigurationPlatforms) = postSolution
		{517FDC2C-BE50-41E8-979B-636FEC3CBBF2}.Debug|Any CPU.ActiveCfg = Debug|Any CPU
		{517FDC2C-BE50-41E8-979B-636FEC3CBBF2}.Debug|Any CPU.Build.0 = Debug|Any CPU
		{517FDC2C-BE50-41E8-979B-636FEC3CBBF2}.Release|Any CPU.ActiveCfg = Release|Any CPU
		{517FDC2C-BE50-41E8-979B-636FEC3CBBF2}.Release|Any CPU.Build.0 = Release|Any CPU
		{1F4BE977-A8C2-4A00-8721-AA5C2FD9E396}.Debug|Any CPU.ActiveCfg = Debug|Any CPU
		{1F4BE977-A8C2-4A00-8721-AA5C2FD9E396}.Debug|Any CPU.Build.0 = Debug|Any CPU
		{1F4BE977-A8C2-4A00-8721-AA5C2FD9E396}.Release|Any CPU.ActiveCfg = Release|Any CPU
		{1F4BE977-A8C2-4A00-8721-AA5C2FD9E396}.Release|Any CPU.Build.0 = Release|Any CPU
		{6C365E4F-0675-4D8C-B882-B38FF022A5A5}.Debug|Any CPU.ActiveCfg = Debug|Any CPU
		{6C365E4F-0675-4D8C-B882-B38FF022A5A5}.Debug|Any CPU.Build.0 = Debug|Any CPU
		{6C365E4F-0675-4D8C-B882-B38FF022A5A5}.Release|Any CPU.ActiveCfg = Release|Any CPU
		{6C365E4F-0675-4D8C-B882-B38FF022A5A5}.Release|Any CPU.Build.0 = Release|Any CPU
		{BCE44A24-1164-4E70-BF9D-86D3F7700D55}.Debug|Any CPU.ActiveCfg = Debug|Any CPU
		{BCE44A24-1164-4E70-BF9D-86D3F7700D55}.Debug|Any CPU.Build.0 = Debug|Any CPU
		{BCE44A24-1164-4E70-BF9D-86D3F7700D55}.Release|Any CPU.ActiveCfg = Release|Any CPU
		{BCE44A24-1164-4E70-BF9D-86D3F7700D55}.Release|Any CPU.Build.0 = Release|Any CPU
		{67A10418-97F2-4FB0-BC53-0959FE8BC644}.Debug|Any CPU.ActiveCfg = Debug|Any CPU
		{67A10418-97F2-4FB0-BC53-0959FE8BC644}.Debug|Any CPU.Build.0 = Debug|Any CPU
		{67A10418-97F2-4FB0-BC53-0959FE8BC644}.Release|Any CPU.ActiveCfg = Release|Any CPU
		{67A10418-97F2-4FB0-BC53-0959FE8BC644}.Release|Any CPU.Build.0 = Release|Any CPU
		{B4DB3909-E914-4F90-87D5-9A4664537841}.Debug|Any CPU.ActiveCfg = Debug|Any CPU
		{B4DB3909-E914-4F90-87D5-9A4664537841}.Debug|Any CPU.Build.0 = Debug|Any CPU
		{B4DB3909-E914-4F90-87D5-9A4664537841}.Release|Any CPU.ActiveCfg = Release|Any CPU
		{B4DB3909-E914-4F90-87D5-9A4664537841}.Release|Any CPU.Build.0 = Release|Any CPU
		{29022157-353F-4BE9-8049-48D5E5A1F402}.Debug|Any CPU.ActiveCfg = Debug|Any CPU
		{29022157-353F-4BE9-8049-48D5E5A1F402}.Debug|Any CPU.Build.0 = Debug|Any CPU
		{29022157-353F-4BE9-8049-48D5E5A1F402}.Release|Any CPU.ActiveCfg = Release|Any CPU
		{29022157-353F-4BE9-8049-48D5E5A1F402}.Release|Any CPU.Build.0 = Release|Any CPU
	EndGlobalSection
	GlobalSection(SolutionProperties) = preSolution
		HideSolutionNode = FALSE
	EndGlobalSection
	GlobalSection(NestedProjects) = preSolution
		{517FDC2C-BE50-41E8-979B-636FEC3CBBF2} = {F4DE4DC2-F204-49BF-803B-A2B86889A30A}
		{1F4BE977-A8C2-4A00-8721-AA5C2FD9E396} = {C4FEBA51-7D37-4A1F-B63F-722D31A299AF}
		{6C365E4F-0675-4D8C-B882-B38FF022A5A5} = {99D42E5E-79E9-417A-9586-0E39D379ED26}
		{BCE44A24-1164-4E70-BF9D-86D3F7700D55} = {D0253505-4475-4F8E-B422-E613878EA44D}
		{67A10418-97F2-4FB0-BC53-0959FE8BC644} = {D0253505-4475-4F8E-B422-E613878EA44D}
		{B4DB3909-E914-4F90-87D5-9A4664537841} = {D0253505-4475-4F8E-B422-E613878EA44D}
		{29022157-353F-4BE9-8049-48D5E5A1F402} = {D0253505-4475-4F8E-B422-E613878EA44D}
	EndGlobalSection
	GlobalSection(ExtensibilityGlobals) = postSolution
		SolutionGuid = {16E0B333-7011-4D1D-AE76-B2356DDD49EE}
	EndGlobalSection
EndGlobal
